
Microsoft Visual Studio Solution File, Format Version 12.00
# Visual Studio 2012
Project("{FAE04EC0-301F-11D3-BF4B-00C04F79EFBC}") = "SkillCheckC", "SkillCheckC.csproj", "{185D4AD3-3BCC-471B-8C63-EA0CD5795808}"
EndProject
Project("{FAE04EC0-301F-11D3-BF4B-00C04F79EFBC}") = "SkillCheckCUnitTester", "SkillCheckCUnitTester\SkillCheckCUnitTester.csproj", "{15320192-5B10-4C9D-8519-348BADE08E5C}"
EndProject
Global
	GlobalSection(SolutionConfigurationPlatforms) = preSolution
		Debug|Any CPU = Debug|Any CPU
		Debug|Mixed Platforms = Debug|Mixed Platforms
		Debug|x86 = Debug|x86
		Release|Any CPU = Release|Any CPU
		Release|Mixed Platforms = Release|Mixed Platforms
		Release|x86 = Release|x86
	EndGlobalSection
	GlobalSection(ProjectConfigurationPlatforms) = postSolution
		{185D4AD3-3BCC-471B-8C63-EA0CD5795808}.Debug|Any CPU.ActiveCfg = Debug|x86
		{185D4AD3-3BCC-471B-8C63-EA0CD5795808}.Debug|Mixed Platforms.ActiveCfg = Debug|x86
		{185D4AD3-3BCC-471B-8C63-EA0CD5795808}.Debug|Mixed Platforms.Build.0 = Debug|x86
		{185D4AD3-3BCC-471B-8C63-EA0CD5795808}.Debug|x86.ActiveCfg = Debug|x86
		{185D4AD3-3BCC-471B-8C63-EA0CD5795808}.Debug|x86.Build.0 = Debug|x86
		{185D4AD3-3BCC-471B-8C63-EA0CD5795808}.Release|Any CPU.ActiveCfg = Release|x86
		{185D4AD3-3BCC-471B-8C63-EA0CD5795808}.Release|Mixed Platforms.ActiveCfg = Release|x86
		{185D4AD3-3BCC-471B-8C63-EA0CD5795808}.Release|Mixed Platforms.Build.0 = Release|x86
		{185D4AD3-3BCC-471B-8C63-EA0CD5795808}.Release|x86.ActiveCfg = Release|x86
		{185D4AD3-3BCC-471B-8C63-EA0CD5795808}.Release|x86.Build.0 = Release|x86
		{15320192-5B10-4C9D-8519-348BADE08E5C}.Debug|Any CPU.ActiveCfg = Debug|Any CPU
		{15320192-5B10-4C9D-8519-348BADE08E5C}.Debug|Any CPU.Build.0 = Debug|Any CPU
		{15320192-5B10-4C9D-8519-348BADE08E5C}.Debug|Mixed Platforms.ActiveCfg = Debug|Any CPU
		{15320192-5B10-4C9D-8519-348BADE08E5C}.Debug|Mixed Platforms.Build.0 = Debug|Any CPU
		{15320192-5B10-4C9D-8519-348BADE08E5C}.Debug|x86.ActiveCfg = Debug|Any CPU
		{15320192-5B10-4C9D-8519-348BADE08E5C}.Release|Any CPU.ActiveCfg = Release|Any CPU
		{15320192-5B10-4C9D-8519-348BADE08E5C}.Release|Any CPU.Build.0 = Release|Any CPU
		{15320192-5B10-4C9D-8519-348BADE08E5C}.Release|Mixed Platforms.ActiveCfg = Release|Any CPU
		{15320192-5B10-4C9D-8519-348BADE08E5C}.Release|Mixed Platforms.Build.0 = Release|Any CPU
		{15320192-5B10-4C9D-8519-348BADE08E5C}.Release|x86.ActiveCfg = Release|Any CPU
	EndGlobalSection
	GlobalSection(SolutionProperties) = preSolution
		HideSolutionNode = FALSE
	EndGlobalSection
EndGlobal
